
Microsoft Visual Studio Solution File, Format Version 12.00
# Visual Studio Version 17
VisualStudioVersion = 17.5.33424.131
MinimumVisualStudioVersion = 10.0.40219.1
Project("{FAE04EC0-301F-11D3-BF4B-00C04F79EFBC}") = "Spotify", "Spotify\Spotify.csproj", "{0729847C-65B3-474E-A6BC-F80B6FDFE3F5}"
EndProject
Global
	GlobalSection(SolutionConfigurationPlatforms) = preSolution
		Debug|Any CPU = Debug|Any CPU
		Release|Any CPU = Release|Any CPU
	EndGlobalSection
	GlobalSection(ProjectConfigurationPlatforms) = postSolution
		{0729847C-65B3-474E-A6BC-F80B6FDFE3F5}.Debug|Any CPU.ActiveCfg = Debug|Any CPU
		{0729847C-65B3-474E-A6BC-F80B6FDFE3F5}.Debug|Any CPU.Build.0 = Debug|Any CPU
		{0729847C-65B3-474E-A6BC-F80B6FDFE3F5}.Release|Any CPU.ActiveCfg = Release|Any CPU
		{0729847C-65B3-474E-A6BC-F80B6FDFE3F5}.Release|Any CPU.Build.0 = Release|Any CPU
	EndGlobalSection
	GlobalSection(SolutionProperties) = preSolution
		HideSolutionNode = FALSE
	EndGlobalSection
	GlobalSection(ExtensibilityGlobals) = postSolution
		SolutionGuid = {76A93CD7-CEC2-4A1C-98DF-029168C481B1}
	EndGlobalSection
EndGlobal
